{
  "nodes": {
    "devenv": {
      "locked": {
        "dir": "src/modules",
        "lastModified": 1789991752,
        "narHash": "sha256-SiH+H00IutELZBg7BBNo6r5DU6E+DG7DjrbeX5+QLa0=",
        "owner": "cachix",
        "repo": "devenv",
        "rev": "1c57b5dea0d400af97053fdd1a536fca17378f73",
        "type": "github"
      },
      "original": {
        "dir": "src/modules",
        "owner": "cachix",
        "repo": "devenv",
        "type": "github"
      }
    },
    "nixpkgs": {
      "locked": {
        "lastModified": 1790041943,
        "narHash": "sha256-oFIXYbLhC6C0/6689NZGUC+jH2V1AeVQRWwOU13mu4s=",
        "owner": "NixOS",
        "repo": "nixpkgs",
        "rev": "4563c53b12ac6152f2c63ec2d719c531466d4a6a",
        "type": "github"
      },
      "original": {
        "owner": "NixOS",
        "ref": "nixpkgs-26.05-darwin",
        "repo": "nixpkgs",
        "type": "github"
      }
    },
    "root": {
      "inputs": {
        "devenv": "devenv",
        "nixpkgs": "nixpkgs"
      }
    }
  },
  "root": "root",
  "version": 7
}